
Microsoft Visual Studio Solution File, Format Version 12.00
# Visual Studio Version 17
VisualStudioVersion = 17.3.32901.215
MinimumVisualStudioVersion = 10.0.40219.1
Project("{888888A0-9F3D-457C-B088-3A5042F75D52}") = "robot", "robot.pyproj", "{204929C2-5C54-4D4D-83A6-52B8AAF06E31}"
EndProject
Global
	GlobalSection(SolutionConfigurationPlatforms) = preSolution
		Debug|Any CPU = Debug|Any CPU
		Release|Any CPU = Release|Any CPU
	EndGlobalSection
	GlobalSection(ProjectConfigurationPlatforms) = postSolution
		{204929C2-5C54-4D4D-83A6-52B8AAF06E31}.Debug|Any CPU.ActiveCfg = Debug|Any CPU
		{204929C2-5C54-4D4D-83A6-52B8AAF06E31}.Release|Any CPU.ActiveCfg = Release|Any CPU
	EndGlobalSection
	GlobalSection(SolutionProperties) = preSolution
		HideSolutionNode = FALSE
	EndGlobalSection
	GlobalSection(ExtensibilityGlobals) = postSolution
		SolutionGuid = {F2C88A79-3084-4B03-AF52-C02903A16496}
	EndGlobalSection
EndGlobal
