
Microsoft Visual Studio Solution File, Format Version 12.00
# Visual Studio Version 17
VisualStudioVersion = 17.3.32901.215
MinimumVisualStudioVersion = 10.0.40219.1
Project("{888888A0-9F3D-457C-B088-3A5042F75D52}") = "fogyokura", "fogyokura.pyproj", "{27DFFC52-FD05-4A2E-8614-D4949EF2BCBE}"
EndProject
Global
	GlobalSection(SolutionConfigurationPlatforms) = preSolution
		Debug|Any CPU = Debug|Any CPU
		Release|Any CPU = Release|Any CPU
	EndGlobalSection
	GlobalSection(ProjectConfigurationPlatforms) = postSolution
		{27DFFC52-FD05-4A2E-8614-D4949EF2BCBE}.Debug|Any CPU.ActiveCfg = Debug|Any CPU
		{27DFFC52-FD05-4A2E-8614-D4949EF2BCBE}.Release|Any CPU.ActiveCfg = Release|Any CPU
	EndGlobalSection
	GlobalSection(SolutionProperties) = preSolution
		HideSolutionNode = FALSE
	EndGlobalSection
	GlobalSection(ExtensibilityGlobals) = postSolution
		SolutionGuid = {BFC302F1-5266-4FA2-99BE-6FF3517A1A09}
	EndGlobalSection
EndGlobal
